// !$*UTF8*$!
{
	archiveVersion = 1;
	classes = {
	};
	objectVersion = 46;
	objects = {

/* Begin PBXBuildFile section */
		406391EB1DB74A8000CAF721 /* AppDelegate.swift in Sources */ = {isa = PBXBuildFile; fileRef = 406391EA1DB74A8000CAF721 /* AppDelegate.swift */; };
		406391F01DB74A8000CAF721 /* Main.storyboard in Resources */ = {isa = PBXBuildFile; fileRef = 406391EE1DB74A8000CAF721 /* Main.storyboard */; };
		406391F21DB74A8000CAF721 /* Assets.xcassets in Resources */ = {isa = PBXBuildFile; fileRef = 406391F11DB74A8000CAF721 /* Assets.xcassets */; };
		406391F51DB74A8000CAF721 /* LaunchScreen.storyboard in Resources */ = {isa = PBXBuildFile; fileRef = 406391F31DB74A8000CAF721 /* LaunchScreen.storyboard */; };
		40B580FC1DB8619900ED06CF /* VIPERView.swift in Sources */ = {isa = PBXBuildFile; fileRef = 40B580FB1DB8619900ED06CF /* VIPERView.swift */; };
		40B581001DB891AE00ED06CF /* VIPERPresenter.swift in Sources */ = {isa = PBXBuildFile; fileRef = 40B580FF1DB891AE00ED06CF /* VIPERPresenter.swift */; };
		40B581071DB89C8600ED06CF /* UserInfoViewController.swift in Sources */ = {isa = PBXBuildFile; fileRef = 40B581061DB89C8600ED06CF /* UserInfoViewController.swift */; };
		40B581091DB8AB8300ED06CF /* UserInfoPresenter.swift in Sources */ = {isa = PBXBuildFile; fileRef = 40B581081DB8AB8300ED06CF /* UserInfoPresenter.swift */; };
		40B5810B1DB8AFDD00ED06CF /* UserInfoInteractor.swift in Sources */ = {isa = PBXBuildFile; fileRef = 40B5810A1DB8AFDD00ED06CF /* UserInfoInteractor.swift */; };
		40B5810D1DB8B1B700ED06CF /* UserInfoEntity.swift in Sources */ = {isa = PBXBuildFile; fileRef = 40B5810C1DB8B1B700ED06CF /* UserInfoEntity.swift */; };
		40B5810F1DB8B66500ED06CF /* UserInfoRouter.swift in Sources */ = {isa = PBXBuildFile; fileRef = 40B5810E1DB8B66500ED06CF /* UserInfoRouter.swift */; };
		40B581111DB8BE7E00ED06CF /* UserInfoDetailsPresenter.swift in Sources */ = {isa = PBXBuildFile; fileRef = 40B581101DB8BE7E00ED06CF /* UserInfoDetailsPresenter.swift */; };
		40B581131DB8BECA00ED06CF /* UserInfoDetailsInteractor.swift in Sources */ = {isa = PBXBuildFile; fileRef = 40B581121DB8BECA00ED06CF /* UserInfoDetailsInteractor.swift */; };
		40B581151DB8BFCB00ED06CF /* UserInfoDetailsEntity.swift in Sources */ = {isa = PBXBuildFile; fileRef = 40B581141DB8BFCB00ED06CF /* UserInfoDetailsEntity.swift */; };
		40B581171DB8BFE300ED06CF /* UserInfoDetailsViewController.swift in Sources */ = {isa = PBXBuildFile; fileRef = 40B581161DB8BFE300ED06CF /* UserInfoDetailsViewController.swift */; };
		40B581191DB9E6A100ED06CF /* UserInfoDetailsViewController.xib in Resources */ = {isa = PBXBuildFile; fileRef = 40B581181DB9E6A100ED06CF /* UserInfoDetailsViewController.xib */; };
		40B5811B1DB9EB7C00ED06CF /* UserInfoViewController.xib in Resources */ = {isa = PBXBuildFile; fileRef = 40B5811A1DB9EB7C00ED06CF /* UserInfoViewController.xib */; };
		40B5811D1DB9ECD400ED06CF /* ViewController.swift in Sources */ = {isa = PBXBuildFile; fileRef = 40B5811C1DB9ECD400ED06CF /* ViewController.swift */; };
/* End PBXBuildFile section */

/* Begin PBXFileReference section */
		406391E71DB74A8000CAF721 /* DEMO_VIPER.app */ = {isa = PBXFileReference; explicitFileType = wrapper.application; includeInIndex = 0; path = DEMO_VIPER.app; sourceTree = BUILT_PRODUCTS_DIR; };
		406391EA1DB74A8000CAF721 /* AppDelegate.swift */ = {isa = PBXFileReference; lastKnownFileType = sourcecode.swift; path = AppDelegate.swift; sourceTree = "<group>"; };
		406391EF1DB74A8000CAF721 /* Base */ = {isa = PBXFileReference; lastKnownFileType = file.storyboard; name = Base; path = Base.lproj/Main.storyboard; sourceTree = "<group>"; };
		406391F11DB74A8000CAF721 /* Assets.xcassets */ = {isa = PBXFileReference; lastKnownFileType = folder.assetcatalog; path = Assets.xcassets; sourceTree = "<group>"; };
		406391F41DB74A8000CAF721 /* Base */ = {isa = PBXFileReference; lastKnownFileType = file.storyboard; name = Base; path = Base.lproj/LaunchScreen.storyboard; sourceTree = "<group>"; };
		406391F61DB74A8000CAF721 /* Info.plist */ = {isa = PBXFileReference; lastKnownFileType = text.plist.xml; path = Info.plist; sourceTree = "<group>"; };
		40B580FB1DB8619900ED06CF /* VIPERView.swift */ = {isa = PBXFileReference; fileEncoding = 4; lastKnownFileType = sourcecode.swift; path = VIPERView.swift; sourceTree = "<group>"; };
		40B580FF1DB891AE00ED06CF /* VIPERPresenter.swift */ = {isa = PBXFileReference; fileEncoding = 4; lastKnownFileType = sourcecode.swift; path = VIPERPresenter.swift; sourceTree = "<group>"; };
		40B581061DB89C8600ED06CF /* UserInfoViewController.swift */ = {isa = PBXFileReference; fileEncoding = 4; lastKnownFileType = sourcecode.swift; path = UserInfoViewController.swift; sourceTree = "<group>"; };
		40B581081DB8AB8300ED06CF /* UserInfoPresenter.swift */ = {isa = PBXFileReference; fileEncoding = 4; lastKnownFileType = sourcecode.swift; path = UserInfoPresenter.swift; sourceTree = "<group>"; };
		40B5810A1DB8AFDD00ED06CF /* UserInfoInteractor.swift */ = {isa = PBXFileReference; fileEncoding = 4; lastKnownFileType = sourcecode.swift; path = UserInfoInteractor.swift; sourceTree = "<group>"; };
		40B5810C1DB8B1B700ED06CF /* UserInfoEntity.swift */ = {isa = PBXFileReference; fileEncoding = 4; lastKnownFileType = sourcecode.swift; path = UserInfoEntity.swift; sourceTree = "<group>"; };
		40B5810E1DB8B66500ED06CF /* UserInfoRouter.swift */ = {isa = PBXFileReference; fileEncoding = 4; lastKnownFileType = sourcecode.swift; path = UserInfoRouter.swift; sourceTree = "<group>"; };
		40B581101DB8BE7E00ED06CF /* UserInfoDetailsPresenter.swift */ = {isa = PBXFileReference; fileEncoding = 4; lastKnownFileType = sourcecode.swift; path = UserInfoDetailsPresenter.swift; sourceTree = "<group>"; };
		40B581121DB8BECA00ED06CF /* UserInfoDetailsInteractor.swift */ = {isa = PBXFileReference; fileEncoding = 4; lastKnownFileType = sourcecode.swift; path = UserInfoDetailsInteractor.swift; sourceTree = "<group>"; };
		40B581141DB8BFCB00ED06CF /* UserInfoDetailsEntity.swift */ = {isa = PBXFileReference; fileEncoding = 4; lastKnownFileType = sourcecode.swift; path = UserInfoDetailsEntity.swift; sourceTree = "<group>"; };
		40B581161DB8BFE300ED06CF /* UserInfoDetailsViewController.swift */ = {isa = PBXFileReference; fileEncoding = 4; lastKnownFileType = sourcecode.swift; path = UserInfoDetailsViewController.swift; sourceTree = "<group>"; };
		40B581181DB9E6A100ED06CF /* UserInfoDetailsViewController.xib */ = {isa = PBXFileReference; fileEncoding = 4; lastKnownFileType = file.xib; path = UserInfoDetailsViewController.xib; sourceTree = "<group>"; };
		40B5811A1DB9EB7C00ED06CF /* UserInfoViewController.xib */ = {isa = PBXFileReference; fileEncoding = 4; lastKnownFileType = file.xib; path = UserInfoViewController.xib; sourceTree = "<group>"; };
		40B5811C1DB9ECD400ED06CF /* ViewController.swift */ = {isa = PBXFileReference; fileEncoding = 4; lastKnownFileType = sourcecode.swift; path = ViewController.swift; sourceTree = "<group>"; };
/* End PBXFileReference section */

/* Begin PBXFrameworksBuildPhase section */
		406391E41DB74A8000CAF721 /* Frameworks */ = {
			isa = PBXFrameworksBuildPhase;
			buildActionMask = 2147483647;
			files = (
			);
			runOnlyForDeploymentPostprocessing = 0;
		};
/* End PBXFrameworksBuildPhase section */

/* Begin PBXGroup section */
		406391DE1DB74A8000CAF721 = {
			isa = PBXGroup;
			children = (
				406391E91DB74A8000CAF721 /* DEMO_VIPER */,
				406391E81DB74A8000CAF721 /* Products */,
			);
			sourceTree = "<group>";
		};
		406391E81DB74A8000CAF721 /* Products */ = {
			isa = PBXGroup;
			children = (
				406391E71DB74A8000CAF721 /* DEMO_VIPER.app */,
			);
			name = Products;
			sourceTree = "<group>";
		};
		406391E91DB74A8000CAF721 /* DEMO_VIPER */ = {
			isa = PBXGroup;
			children = (
				40B581031DB89C6700ED06CF /* UserInfo */,
				40B580FA1DB770DE00ED06CF /* VIPER */,
				406391EA1DB74A8000CAF721 /* AppDelegate.swift */,
				406391F11DB74A8000CAF721 /* Assets.xcassets */,
				406391F61DB74A8000CAF721 /* Info.plist */,
				406391F31DB74A8000CAF721 /* LaunchScreen.storyboard */,
				406391EE1DB74A8000CAF721 /* Main.storyboard */,
				40B5811C1DB9ECD400ED06CF /* ViewController.swift */,
			);
			path = DEMO_VIPER;
			sourceTree = "<group>";
		};
		40B580FA1DB770DE00ED06CF /* VIPER */ = {
			isa = PBXGroup;
			children = (
				40B580FF1DB891AE00ED06CF /* VIPERPresenter.swift */,
				40B580FB1DB8619900ED06CF /* VIPERView.swift */,
			);
			path = VIPER;
			sourceTree = "<group>";
		};
		40B581031DB89C6700ED06CF /* UserInfo */ = {
			isa = PBXGroup;
			children = (
				40B581041DB89C6700ED06CF /* UserInfo */,
				40B581051DB89C6700ED06CF /* UserInfoDetails */,
				40B5810E1DB8B66500ED06CF /* UserInfoRouter.swift */,
			);
			path = UserInfo;
			sourceTree = "<group>";
		};
		40B581041DB89C6700ED06CF /* UserInfo */ = {
			isa = PBXGroup;
			children = (
				40B5810C1DB8B1B700ED06CF /* UserInfoEntity.swift */,
				40B5810A1DB8AFDD00ED06CF /* UserInfoInteractor.swift */,
				40B581081DB8AB8300ED06CF /* UserInfoPresenter.swift */,
				40B581061DB89C8600ED06CF /* UserInfoViewController.swift */,
				40B5811A1DB9EB7C00ED06CF /* UserInfoViewController.xib */,
			);
			path = UserInfo;
			sourceTree = "<group>";
		};
		40B581051DB89C6700ED06CF /* UserInfoDetails */ = {
			isa = PBXGroup;
			children = (
				40B581141DB8BFCB00ED06CF /* UserInfoDetailsEntity.swift */,
				40B581121DB8BECA00ED06CF /* UserInfoDetailsInteractor.swift */,
				40B581101DB8BE7E00ED06CF /* UserInfoDetailsPresenter.swift */,
				40B581161DB8BFE300ED06CF /* UserInfoDetailsViewController.swift */,
				40B581181DB9E6A100ED06CF /* UserInfoDetailsViewController.xib */,
			);
			path = UserInfoDetails;
			sourceTree = "<group>";
		};
/* End PBXGroup section */

/* Begin PBXNativeTarget section */
		406391E61DB74A8000CAF721 /* DEMO_VIPER */ = {
			isa = PBXNativeTarget;
			buildConfigurationList = 406391F91DB74A8000CAF721 /* Build configuration list for PBXNativeTarget "DEMO_VIPER" */;
			buildPhases = (
				406391E31DB74A8000CAF721 /* Sources */,
				406391E41DB74A8000CAF721 /* Frameworks */,
				406391E51DB74A8000CAF721 /* Resources */,
			);
			buildRules = (
			);
			dependencies = (
			);
			name = DEMO_VIPER;
			productName = DEMO_VIPER;
			productReference = 406391E71DB74A8000CAF721 /* DEMO_VIPER.app */;
			productType = "com.apple.product-type.application";
		};
/* End PBXNativeTarget section */

/* Begin PBXProject section */
		406391DF1DB74A8000CAF721 /* Project object */ = {
			isa = PBXProject;
			attributes = {
				LastSwiftUpdateCheck = 0800;
				LastUpgradeCheck = 0800;
				ORGANIZATIONNAME = thoughtworks;
				TargetAttributes = {
					406391E61DB74A8000CAF721 = {
						CreatedOnToolsVersion = 8.0;
						ProvisioningStyle = Automatic;
					};
				};
			};
			buildConfigurationList = 406391E21DB74A8000CAF721 /* Build configuration list for PBXProject "DEMO_VIPER" */;
			compatibilityVersion = "Xcode 3.2";
			developmentRegion = English;
			hasScannedForEncodings = 0;
			knownRegions = (
				en,
				Base,
			);
			mainGroup = 406391DE1DB74A8000CAF721;
			productRefGroup = 406391E81DB74A8000CAF721 /* Products */;
			projectDirPath = "";
			projectRoot = "";
			targets = (
				406391E61DB74A8000CAF721 /* DEMO_VIPER */,
			);
		};
/* End PBXProject section */

/* Begin PBXResourcesBuildPhase section */
		406391E51DB74A8000CAF721 /* Resources */ = {
			isa = PBXResourcesBuildPhase;
			buildActionMask = 2147483647;
			files = (
				406391F51DB74A8000CAF721 /* LaunchScreen.storyboard in Resources */,
				406391F21DB74A8000CAF721 /* Assets.xcassets in Resources */,
				40B5811B1DB9EB7C00ED06CF /* UserInfoViewController.xib in Resources */,
				40B581191DB9E6A100ED06CF /* UserInfoDetailsViewController.xib in Resources */,
				406391F01DB74A8000CAF721 /* Main.storyboard in Resources */,
			);
			runOnlyForDeploymentPostprocessing = 0;
		};
/* End PBXResourcesBuildPhase section */

/* Begin PBXSourcesBuildPhase section */
		406391E31DB74A8000CAF721 /* Sources */ = {
			isa = PBXSourcesBuildPhase;
			buildActionMask = 2147483647;
			files = (
				406391EB1DB74A8000CAF721 /* AppDelegate.swift in Sources */,
				40B5810B1DB8AFDD00ED06CF /* UserInfoInteractor.swift in Sources */,
				40B581131DB8BECA00ED06CF /* UserInfoDetailsInteractor.swift in Sources */,
				40B581091DB8AB8300ED06CF /* UserInfoPresenter.swift in Sources */,
				40B5810F1DB8B66500ED06CF /* UserInfoRouter.swift in Sources */,
				40B581151DB8BFCB00ED06CF /* UserInfoDetailsEntity.swift in Sources */,
				40B5810D1DB8B1B700ED06CF /* UserInfoEntity.swift in Sources */,
				40B581001DB891AE00ED06CF /* VIPERPresenter.swift in Sources */,
				40B5811D1DB9ECD400ED06CF /* ViewController.swift in Sources */,
				40B581111DB8BE7E00ED06CF /* UserInfoDetailsPresenter.swift in Sources */,
				40B581071DB89C8600ED06CF /* UserInfoViewController.swift in Sources */,
				40B581171DB8BFE300ED06CF /* UserInfoDetailsViewController.swift in Sources */,
				40B580FC1DB8619900ED06CF /* VIPERView.swift in Sources */,
			);
			runOnlyForDeploymentPostprocessing = 0;
		};
/* End PBXSourcesBuildPhase section */

/* Begin PBXVariantGroup section */
		406391EE1DB74A8000CAF721 /* Main.storyboard */ = {
			isa = PBXVariantGroup;
			children = (
				406391EF1DB74A8000CAF721 /* Base */,
			);
			name = Main.storyboard;
			path = .;
			sourceTree = "<group>";
		};
		406391F31DB74A8000CAF721 /* LaunchScreen.storyboard */ = {
			isa = PBXVariantGroup;
			children = (
				406391F41DB74A8000CAF721 /* Base */,
			);
			name = LaunchScreen.storyboard;
			path = .;
			sourceTree = "<group>";
		};
/* End PBXVariantGroup section */

/* Begin XCBuildConfiguration section */
		406391F71DB74A8000CAF721 /* Debug */ = {
			isa = XCBuildConfiguration;
			buildSettings = {
				ALWAYS_SEARCH_USER_PATHS = NO;
				CLANG_ANALYZER_NONNULL = YES;
				CLANG_CXX_LANGUAGE_STANDARD = "gnu++0x";
				CLANG_CXX_LIBRARY = "libc++";
				CLANG_ENABLE_MODULES = YES;
				CLANG_ENABLE_OBJC_ARC = YES;
				CLANG_WARN_BOOL_CONVERSION = YES;
				CLANG_WARN_CONSTANT_CONVERSION = YES;
				CLANG_WARN_DIRECT_OBJC_ISA_USAGE = YES_ERROR;
				CLANG_WARN_DOCUMENTATION_COMMENTS = YES;
				CLANG_WARN_EMPTY_BODY = YES;
				CLANG_WARN_ENUM_CONVERSION = YES;
				CLANG_WARN_INFINITE_RECURSION = YES;
				CLANG_WARN_INT_CONVERSION = YES;
				CLANG_WARN_OBJC_ROOT_CLASS = YES_ERROR;
				CLANG_WARN_SUSPICIOUS_MOVES = YES;
				CLANG_WARN_UNREACHABLE_CODE = YES;
				CLANG_WARN__DUPLICATE_METHOD_MATCH = YES;
				"CODE_SIGN_IDENTITY[sdk=iphoneos*]" = "iPhone Developer";
				COPY_PHASE_STRIP = NO;
				DEBUG_INFORMATION_FORMAT = dwarf;
				ENABLE_STRICT_OBJC_MSGSEND = YES;
				ENABLE_TESTABILITY = YES;
				GCC_C_LANGUAGE_STANDARD = gnu99;
				GCC_DYNAMIC_NO_PIC = NO;
				GCC_NO_COMMON_BLOCKS = YES;
				GCC_OPTIMIZATION_LEVEL = 0;
				GCC_PREPROCESSOR_DEFINITIONS = (
					"DEBUG=1",
					"$(inherited)",
				);
				GCC_WARN_64_TO_32_BIT_CONVERSION = YES;
				GCC_WARN_ABOUT_RETURN_TYPE = YES_ERROR;
				GCC_WARN_UNDECLARED_SELECTOR = YES;
				GCC_WARN_UNINITIALIZED_AUTOS = YES_AGGRESSIVE;
				GCC_WARN_UNUSED_FUNCTION = YES;
				GCC_WARN_UNUSED_VARIABLE = YES;
				IPHONEOS_DEPLOYMENT_TARGET = 10.0;
				MTL_ENABLE_DEBUG_INFO = YES;
				ONLY_ACTIVE_ARCH = YES;
				SDKROOT = iphoneos;
				SWIFT_ACTIVE_COMPILATION_CONDITIONS = DEBUG;
				SWIFT_OPTIMIZATION_LEVEL = "-Onone";
			};
			name = Debug;
		};
		406391F81DB74A8000CAF721 /* Release */ = {
			isa = XCBuildConfiguration;
			buildSettings = {
				ALWAYS_SEARCH_USER_PATHS = NO;
				CLANG_ANALYZER_NONNULL = YES;
				CLANG_CXX_LANGUAGE_STANDARD = "gnu++0x";
				CLANG_CXX_LIBRARY = "libc++";
				CLANG_ENABLE_MODULES = YES;
				CLANG_ENABLE_OBJC_ARC = YES;
				CLANG_WARN_BOOL_CONVERSION = YES;
				CLANG_WARN_CONSTANT_CONVERSION = YES;
				CLANG_WARN_DIRECT_OBJC_ISA_USAGE = YES_ERROR;
				CLANG_WARN_DOCUMENTATION_COMMENTS = YES;
				CLANG_WARN_EMPTY_BODY = YES;
				CLANG_WARN_ENUM_CONVERSION = YES;
				CLANG_WARN_INFINITE_RECURSION = YES;
				CLANG_WARN_INT_CONVERSION = YES;
				CLANG_WARN_OBJC_ROOT_CLASS = YES_ERROR;
				CLANG_WARN_SUSPICIOUS_MOVES = YES;
				CLANG_WARN_UNREACHABLE_CODE = YES;
				CLANG_WARN__DUPLICATE_METHOD_MATCH = YES;
				"CODE_SIGN_IDENTITY[sdk=iphoneos*]" = "iPhone Developer";
				COPY_PHASE_STRIP = NO;
				DEBUG_INFORMATION_FORMAT = "dwarf-with-dsym";
				ENABLE_NS_ASSERTIONS = NO;
				ENABLE_STRICT_OBJC_MSGSEND = YES;
				GCC_C_LANGUAGE_STANDARD = gnu99;
				GCC_NO_COMMON_BLOCKS = YES;
				GCC_WARN_64_TO_32_BIT_CONVERSION = YES;
				GCC_WARN_ABOUT_RETURN_TYPE = YES_ERROR;
				GCC_WARN_UNDECLARED_SELECTOR = YES;
				GCC_WARN_UNINITIALIZED_AUTOS = YES_AGGRESSIVE;
				GCC_WARN_UNUSED_FUNCTION = YES;
				GCC_WARN_UNUSED_VARIABLE = YES;
				IPHONEOS_DEPLOYMENT_TARGET = 10.0;
				MTL_ENABLE_DEBUG_INFO = NO;
				SDKROOT = iphoneos;
				SWIFT_OPTIMIZATION_LEVEL = "-Owholemodule";
				VALIDATE_PRODUCT = YES;
			};
			name = Release;
		};
		406391FA1DB74A8000CAF721 /* Debug */ = {
			isa = XCBuildConfiguration;
			buildSettings = {
				ASSETCATALOG_COMPILER_APPICON_NAME = AppIcon;
				DEVELOPMENT_TEAM = "";
				INFOPLIST_FILE = DEMO_VIPER/Info.plist;
				LD_RUNPATH_SEARCH_PATHS = "$(inherited) @executable_path/Frameworks";
				PRODUCT_BUNDLE_IDENTIFIER = "com.thoughtworks.DEMO-VIPER";
				PRODUCT_NAME = "$(TARGET_NAME)";
				SWIFT_VERSION = 3.0;
			};
			name = Debug;
		};
		406391FB1DB74A8000CAF721 /* Release */ = {
			isa = XCBuildConfiguration;
			buildSettings = {
				ASSETCATALOG_COMPILER_APPICON_NAME = AppIcon;
				DEVELOPMENT_TEAM = "";
				INFOPLIST_FILE = DEMO_VIPER/Info.plist;
				LD_RUNPATH_SEARCH_PATHS = "$(inherited) @executable_path/Frameworks";
				PRODUCT_BUNDLE_IDENTIFIER = "com.thoughtworks.DEMO-VIPER";
				PRODUCT_NAME = "$(TARGET_NAME)";
				SWIFT_VERSION = 3.0;
			};
			name = Release;
		};
/* End XCBuildConfiguration section */

/* Begin XCConfigurationList section */
		406391E21DB74A8000CAF721 /* Build configuration list for PBXProject "DEMO_VIPER" */ = {
			isa = XCConfigurationList;
			buildConfigurations = (
				406391F71DB74A8000CAF721 /* Debug */,
				406391F81DB74A8000CAF721 /* Release */,
			);
			defaultConfigurationIsVisible = 0;
			defaultConfigurationName = Release;
		};
		406391F91DB74A8000CAF721 /* Build configuration list for PBXNativeTarget "DEMO_VIPER" */ = {
			isa = XCConfigurationList;
			buildConfigurations = (
				406391FA1DB74A8000CAF721 /* Debug */,
				406391FB1DB74A8000CAF721 /* Release */,
			);
			defaultConfigurationIsVisible = 0;
			defaultConfigurationName = Release;
		};
/* End XCConfigurationList section */
	};
	rootObject = 406391DF1DB74A8000CAF721 /* Project object */;
}
